
Microsoft Visual Studio Solution File, Format Version 12.00
# Visual Studio Version 17
VisualStudioVersion = 17.12.35707.178
MinimumVisualStudioVersion = 10.0.40219.1
Project("{FAE04EC0-301F-11D3-BF4B-00C04F79EFBC}") = "RepotingService", "RepotingService\RepotingService.csproj", "{DC84CD18-20F6-41F6-8FCB-622A6BF173E4}"
EndProject
Project("{FAE04EC0-301F-11D3-BF4B-00C04F79EFBC}") = "BusinessLayer", "BusinessLayer\BusinessLayer.csproj", "{F81CF984-1243-40EE-B8C1-EBBB79F726EC}"
EndProject
Project("{FAE04EC0-301F-11D3-BF4B-00C04F79EFBC}") = "DbAccessLayer", "DbAccessLayer\DbAccessLayer.csproj", "{6A078EAE-D645-4C92-84DB-40C25A412BFB}"
EndProject
Global
	GlobalSection(SolutionConfigurationPlatforms) = preSolution
		Debug|Any CPU = Debug|Any CPU
		Release|Any CPU = Release|Any CPU
	EndGlobalSection
	GlobalSection(ProjectConfigurationPlatforms) = postSolution
		{DC84CD18-20F6-41F6-8FCB-622A6BF173E4}.Debug|Any CPU.ActiveCfg = Debug|Any CPU
		{DC84CD18-20F6-41F6-8FCB-622A6BF173E4}.Debug|Any CPU.Build.0 = Debug|Any CPU
		{DC84CD18-20F6-41F6-8FCB-622A6BF173E4}.Release|Any CPU.ActiveCfg = Release|Any CPU
		{DC84CD18-20F6-41F6-8FCB-622A6BF173E4}.Release|Any CPU.Build.0 = Release|Any CPU
		{F81CF984-1243-40EE-B8C1-EBBB79F726EC}.Debug|Any CPU.ActiveCfg = Debug|Any CPU
		{F81CF984-1243-40EE-B8C1-EBBB79F726EC}.Debug|Any CPU.Build.0 = Debug|Any CPU
		{F81CF984-1243-40EE-B8C1-EBBB79F726EC}.Release|Any CPU.ActiveCfg = Release|Any CPU
		{F81CF984-1243-40EE-B8C1-EBBB79F726EC}.Release|Any CPU.Build.0 = Release|Any CPU
		{6A078EAE-D645-4C92-84DB-40C25A412BFB}.Debug|Any CPU.ActiveCfg = Debug|Any CPU
		{6A078EAE-D645-4C92-84DB-40C25A412BFB}.Debug|Any CPU.Build.0 = Debug|Any CPU
		{6A078EAE-D645-4C92-84DB-40C25A412BFB}.Release|Any CPU.ActiveCfg = Release|Any CPU
		{6A078EAE-D645-4C92-84DB-40C25A412BFB}.Release|Any CPU.Build.0 = Release|Any CPU
	EndGlobalSection
	GlobalSection(SolutionProperties) = preSolution
		HideSolutionNode = FALSE
	EndGlobalSection
EndGlobal
